
Microsoft Visual Studio Solution File, Format Version 12.00
# Visual Studio Version 16
VisualStudioVersion = 16.0.29009.5
MinimumVisualStudioVersion = 10.0.40219.1
Project("{3DBCA470-93EA-415C-9227-132A51BAFBBB}") = "Server", "Server\Server.csproj", "{DE9E746C-1E64-451B-BB84-B020660C1789}"
EndProject
Project("{3DBCA470-93EA-415C-9227-132A51BAFBBB}") = "Client", "Client\Client.csproj", "{8C774F85-81E5-4915-BEC6-45E1DE9B52A1}"
EndProject
Project("{8C70229F-37C1-4843-8E66-152D92303E30}") = "Plugins", "Plugins", "{9B25ADC0-1385-485A-8C2B-03BEB06DD716}"
	ProjectSection(SolutionItems) = preProject
		ReadMe.txt = ReadMe.txt
	EndProjectSection
EndProject
Project("{3DBCA470-93EA-415C-9227-132A51BAFBBB}") = "Chat", "Plugin\Chat\Chat\Chat.csproj", "{3F4BA94C-5F2A-4FB9-BF8F-0D08B64C8CDE}"
EndProject
Project("{3DBCA470-93EA-415C-9227-132A51BAFBBB}") = "Extra", "Plugin\Extra\Extra\Extra.csproj", "{3AC17225-BD68-476D-B091-0D2AC5E77C0B}"
EndProject
Project("{3DBCA470-93EA-415C-9227-132A51BAFBBB}") = "FileManager", "Plugin\FileManager\FileManager\FileManager.csproj", "{4E8F0DC6-9F06-4571-AC79-12C3B74F4A3E}"
EndProject
Project("{3DBCA470-93EA-415C-9227-132A51BAFBBB}") = "LimeLogger", "Plugin\LimeLogger\LimeLogger\LimeLogger.csproj", "{E1FC4116-B1CB-4694-A941-78FCA334095C}"
EndProject
Project("{3DBCA470-93EA-415C-9227-132A51BAFBBB}") = "Miscellaneous", "Plugin\Miscellaneous\Miscellaneous\Miscellaneous.csproj", "{72A0D8A5-671B-459A-B904-C6EF13ED1A3C}"
EndProject
Project("{3DBCA470-93EA-415C-9227-132A51BAFBBB}") = "Options", "Plugin\Options\Options\Options.csproj", "{40F0AEAB-D4D4-4A2A-9A3F-4BAD5ABCCDD0}"
EndProject
Project("{3DBCA470-93EA-415C-9227-132A51BAFBBB}") = "ProcessManager", "Plugin\ProcessManager\ProcessManager\ProcessManager.csproj", "{34D36F9A-0653-4098-8ED8-4DDAAABAFBE9}"
EndProject
Project("{3DBCA470-93EA-415C-9227-132A51BAFBBB}") = "Recovery", "Plugin\Recovery\Recovery\Recovery.csproj", "{99335498-19FC-440F-AABC-318F744125C3}"
EndProject
Project("{3DBCA470-93EA-415C-9227-132A51BAFBBB}") = "RemoteCamera", "Plugin\RemoteCamera\RemoteCamera\RemoteCamera.csproj", "{4C6EC518-4292-42BF-9180-CCE53ABA04CF}"
EndProject
Project("{3DBCA470-93EA-415C-9227-132A51BAFBBB}") = "RemoteDesktop", "Plugin\RemoteDesktop\RemoteDesktop\RemoteDesktop.csproj", "{7D119A29-4731-453C-B4D5-116107A38E6E}"
EndProject
Project("{3DBCA470-93EA-415C-9227-132A51BAFBBB}") = "SendFile", "Plugin\SendFile\SendFile\SendFile.csproj", "{75C506FC-E478-4AED-8301-47118D930112}"
EndProject
Project("{3DBCA470-93EA-415C-9227-132A51BAFBBB}") = "SendMemory", "Plugin\SendMemory\SendMemory\SendMemory.csproj", "{B0674566-797C-4AC2-8411-6464389D0D05}"
EndProject
Project("{3DBCA470-93EA-415C-9227-132A51BAFBBB}") = "FileSearcher", "Plugin\FileSearcher\FileSearcher\FileSearcher.csproj", "{EFAF66D4-A300-420D-814C-6B93093CEA81}"
EndProject
Project("{3DBCA470-93EA-415C-9227-132A51BAFBBB}") = "MessagePackLib", "MessagePack\MessagePackLib.csproj", "{DB5828F4-BB8C-4AA7-8D81-4457AD151C00}"
EndProject
Global
	GlobalSection(SolutionConfigurationPlatforms) = preSolution
		Debug|Any CPU = Debug|Any CPU
		Release|Any CPU = Release|Any CPU
	EndGlobalSection
	GlobalSection(ProjectConfigurationPlatforms) = postSolution
		{DE9E746C-1E64-451B-BB84-B020660C1789}.Debug|Any CPU.ActiveCfg = Debug|Any CPU
		{DE9E746C-1E64-451B-BB84-B020660C1789}.Debug|Any CPU.Build.0 = Debug|Any CPU
		{DE9E746C-1E64-451B-BB84-B020660C1789}.Release|Any CPU.ActiveCfg = Release|Any CPU
		{DE9E746C-1E64-451B-BB84-B020660C1789}.Release|Any CPU.Build.0 = Release|Any CPU
		{8C774F85-81E5-4915-BEC6-45E1DE9B52A1}.Debug|Any CPU.ActiveCfg = Debug|Any CPU
		{8C774F85-81E5-4915-BEC6-45E1DE9B52A1}.Debug|Any CPU.Build.0 = Debug|Any CPU
		{8C774F85-81E5-4915-BEC6-45E1DE9B52A1}.Release|Any CPU.ActiveCfg = Release|Any CPU
		{8C774F85-81E5-4915-BEC6-45E1DE9B52A1}.Release|Any CPU.Build.0 = Release|Any CPU
		{3F4BA94C-5F2A-4FB9-BF8F-0D08B64C8CDE}.Debug|Any CPU.ActiveCfg = Debug|Any CPU
		{3F4BA94C-5F2A-4FB9-BF8F-0D08B64C8CDE}.Debug|Any CPU.Build.0 = Debug|Any CPU
		{3F4BA94C-5F2A-4FB9-BF8F-0D08B64C8CDE}.Release|Any CPU.ActiveCfg = Release|Any CPU
		{3F4BA94C-5F2A-4FB9-BF8F-0D08B64C8CDE}.Release|Any CPU.Build.0 = Release|Any CPU
		{3AC17225-BD68-476D-B091-0D2AC5E77C0B}.Debug|Any CPU.ActiveCfg = Debug|Any CPU
		{3AC17225-BD68-476D-B091-0D2AC5E77C0B}.Debug|Any CPU.Build.0 = Debug|Any CPU
		{3AC17225-BD68-476D-B091-0D2AC5E77C0B}.Release|Any CPU.ActiveCfg = Release|Any CPU
		{3AC17225-BD68-476D-B091-0D2AC5E77C0B}.Release|Any CPU.Build.0 = Release|Any CPU
		{4E8F0DC6-9F06-4571-AC79-12C3B74F4A3E}.Debug|Any CPU.ActiveCfg = Debug|Any CPU
		{4E8F0DC6-9F06-4571-AC79-12C3B74F4A3E}.Debug|Any CPU.Build.0 = Debug|Any CPU
		{4E8F0DC6-9F06-4571-AC79-12C3B74F4A3E}.Release|Any CPU.ActiveCfg = Release|Any CPU
		{4E8F0DC6-9F06-4571-AC79-12C3B74F4A3E}.Release|Any CPU.Build.0 = Release|Any CPU
		{E1FC4116-B1CB-4694-A941-78FCA334095C}.Debug|Any CPU.ActiveCfg = Debug|Any CPU
		{E1FC4116-B1CB-4694-A941-78FCA334095C}.Debug|Any CPU.Build.0 = Debug|Any CPU
		{E1FC4116-B1CB-4694-A941-78FCA334095C}.Release|Any CPU.ActiveCfg = Release|Any CPU
		{E1FC4116-B1CB-4694-A941-78FCA334095C}.Release|Any CPU.Build.0 = Release|Any CPU
		{72A0D8A5-671B-459A-B904-C6EF13ED1A3C}.Debug|Any CPU.ActiveCfg = Debug|Any CPU
		{72A0D8A5-671B-459A-B904-C6EF13ED1A3C}.Debug|Any CPU.Build.0 = Debug|Any CPU
		{72A0D8A5-671B-459A-B904-C6EF13ED1A3C}.Release|Any CPU.ActiveCfg = Release|Any CPU
		{72A0D8A5-671B-459A-B904-C6EF13ED1A3C}.Release|Any CPU.Build.0 = Release|Any CPU
		{40F0AEAB-D4D4-4A2A-9A3F-4BAD5ABCCDD0}.Debug|Any CPU.ActiveCfg = Debug|Any CPU
		{40F0AEAB-D4D4-4A2A-9A3F-4BAD5ABCCDD0}.Debug|Any CPU.Build.0 = Debug|Any CPU
		{40F0AEAB-D4D4-4A2A-9A3F-4BAD5ABCCDD0}.Release|Any CPU.ActiveCfg = Release|Any CPU
		{40F0AEAB-D4D4-4A2A-9A3F-4BAD5ABCCDD0}.Release|Any CPU.Build.0 = Release|Any CPU
		{34D36F9A-0653-4098-8ED8-4DDAAABAFBE9}.Debug|Any CPU.ActiveCfg = Debug|Any CPU
		{34D36F9A-0653-4098-8ED8-4DDAAABAFBE9}.Debug|Any CPU.Build.0 = Debug|Any CPU
		{34D36F9A-0653-4098-8ED8-4DDAAABAFBE9}.Release|Any CPU.ActiveCfg = Release|Any CPU
		{34D36F9A-0653-4098-8ED8-4DDAAABAFBE9}.Release|Any CPU.Build.0 = Release|Any CPU
		{99335498-19FC-440F-AABC-318F744125C3}.Debug|Any CPU.ActiveCfg = Debug|Any CPU
		{99335498-19FC-440F-AABC-318F744125C3}.Debug|Any CPU.Build.0 = Debug|Any CPU
		{99335498-19FC-440F-AABC-318F744125C3}.Release|Any CPU.ActiveCfg = Release|Any CPU
		{99335498-19FC-440F-AABC-318F744125C3}.Release|Any CPU.Build.0 = Release|Any CPU
		{4C6EC518-4292-42BF-9180-CCE53ABA04CF}.Debug|Any CPU.ActiveCfg = Debug|Any CPU
		{4C6EC518-4292-42BF-9180-CCE53ABA04CF}.Debug|Any CPU.Build.0 = Debug|Any CPU
		{4C6EC518-4292-42BF-9180-CCE53ABA04CF}.Release|Any CPU.ActiveCfg = Release|Any CPU
		{4C6EC518-4292-42BF-9180-CCE53ABA04CF}.Release|Any CPU.Build.0 = Release|Any CPU
		{7D119A29-4731-453C-B4D5-116107A38E6E}.Debug|Any CPU.ActiveCfg = Debug|Any CPU
		{7D119A29-4731-453C-B4D5-116107A38E6E}.Debug|Any CPU.Build.0 = Debug|Any CPU
		{7D119A29-4731-453C-B4D5-116107A38E6E}.Release|Any CPU.ActiveCfg = Release|Any CPU
		{7D119A29-4731-453C-B4D5-116107A38E6E}.Release|Any CPU.Build.0 = Release|Any CPU
		{75C506FC-E478-4AED-8301-47118D930112}.Debug|Any CPU.ActiveCfg = Debug|Any CPU
		{75C506FC-E478-4AED-8301-47118D930112}.Debug|Any CPU.Build.0 = Debug|Any CPU
		{75C506FC-E478-4AED-8301-47118D930112}.Release|Any CPU.ActiveCfg = Release|Any CPU
		{75C506FC-E478-4AED-8301-47118D930112}.Release|Any CPU.Build.0 = Release|Any CPU
		{B0674566-797C-4AC2-8411-6464389D0D05}.Debug|Any CPU.ActiveCfg = Debug|Any CPU
		{B0674566-797C-4AC2-8411-6464389D0D05}.Debug|Any CPU.Build.0 = Debug|Any CPU
		{B0674566-797C-4AC2-8411-6464389D0D05}.Release|Any CPU.ActiveCfg = Release|Any CPU
		{B0674566-797C-4AC2-8411-6464389D0D05}.Release|Any CPU.Build.0 = Release|Any CPU
		{EFAF66D4-A300-420D-814C-6B93093CEA81}.Debug|Any CPU.ActiveCfg = Debug|Any CPU
		{EFAF66D4-A300-420D-814C-6B93093CEA81}.Debug|Any CPU.Build.0 = Debug|Any CPU
		{EFAF66D4-A300-420D-814C-6B93093CEA81}.Release|Any CPU.ActiveCfg = Release|Any CPU
		{EFAF66D4-A300-420D-814C-6B93093CEA81}.Release|Any CPU.Build.0 = Release|Any CPU
		{DB5828F4-BB8C-4AA7-8D81-4457AD151C00}.Debug|Any CPU.ActiveCfg = Debug|Any CPU
		{DB5828F4-BB8C-4AA7-8D81-4457AD151C00}.Debug|Any CPU.Build.0 = Debug|Any CPU
		{DB5828F4-BB8C-4AA7-8D81-4457AD151C00}.Release|Any CPU.ActiveCfg = Release|Any CPU
		{DB5828F4-BB8C-4AA7-8D81-4457AD151C00}.Release|Any CPU.Build.0 = Release|Any CPU
	EndGlobalSection
	GlobalSection(SolutionProperties) = preSolution
		HideSolutionNode = FALSE
	EndGlobalSection
	GlobalSection(NestedProjects) = preSolution
		{3F4BA94C-5F2A-4FB9-BF8F-0D08B64C8CDE} = {9B25ADC0-1385-485A-8C2B-03BEB06DD716}
		{3AC17225-BD68-476D-B091-0D2AC5E77C0B} = {9B25ADC0-1385-485A-8C2B-03BEB06DD716}
		{4E8F0DC6-9F06-4571-AC79-12C3B74F4A3E} = {9B25ADC0-1385-485A-8C2B-03BEB06DD716}
		{E1FC4116-B1CB-4694-A941-78FCA334095C} = {9B25ADC0-1385-485A-8C2B-03BEB06DD716}
		{72A0D8A5-671B-459A-B904-C6EF13ED1A3C} = {9B25ADC0-1385-485A-8C2B-03BEB06DD716}
		{40F0AEAB-D4D4-4A2A-9A3F-4BAD5ABCCDD0} = {9B25ADC0-1385-485A-8C2B-03BEB06DD716}
		{34D36F9A-0653-4098-8ED8-4DDAAABAFBE9} = {9B25ADC0-1385-485A-8C2B-03BEB06DD716}
		{99335498-19FC-440F-AABC-318F744125C3} = {9B25ADC0-1385-485A-8C2B-03BEB06DD716}
		{4C6EC518-4292-42BF-9180-CCE53ABA04CF} = {9B25ADC0-1385-485A-8C2B-03BEB06DD716}
		{7D119A29-4731-453C-B4D5-116107A38E6E} = {9B25ADC0-1385-485A-8C2B-03BEB06DD716}
		{75C506FC-E478-4AED-8301-47118D930112} = {9B25ADC0-1385-485A-8C2B-03BEB06DD716}
		{B0674566-797C-4AC2-8411-6464389D0D05} = {9B25ADC0-1385-485A-8C2B-03BEB06DD716}
		{EFAF66D4-A300-420D-814C-6B93093CEA81} = {9B25ADC0-1385-485A-8C2B-03BEB06DD716}
	EndGlobalSection
	GlobalSection(ExtensibilityGlobals) = postSolution
		SolutionGuid = {0FED1858-EFC3-44EA-BAF0-FF644517D366}
	EndGlobalSection
EndGlobal
