
Microsoft Visual Studio Solution File, Format Version 12.00
# Visual Studio Version 16
VisualStudioVersion = 16.0.29123.88
MinimumVisualStudioVersion = 10.0.40219.1
Project("{3DBCA470-93EA-415C-9227-132A51BAFBBB}") = "SendFile", "SendFile\SendFile.csproj", "{75C506FC-E478-4AED-8301-47118D930112}"
EndProject
Global
	GlobalSection(SolutionConfigurationPlatforms) = preSolution
		Debug|Any CPU = Debug|Any CPU
		Release|Any CPU = Release|Any CPU
	EndGlobalSection
	GlobalSection(ProjectConfigurationPlatforms) = postSolution
		{75C506FC-E478-4AED-8301-47118D930112}.Debug|Any CPU.ActiveCfg = Debug|Any CPU
		{75C506FC-E478-4AED-8301-47118D930112}.Debug|Any CPU.Build.0 = Debug|Any CPU
		{75C506FC-E478-4AED-8301-47118D930112}.Release|Any CPU.ActiveCfg = Release|Any CPU
		{75C506FC-E478-4AED-8301-47118D930112}.Release|Any CPU.Build.0 = Release|Any CPU
	EndGlobalSection
	GlobalSection(SolutionProperties) = preSolution
		HideSolutionNode = FALSE
	EndGlobalSection
	GlobalSection(ExtensibilityGlobals) = postSolution
		SolutionGuid = {C0225B56-7F91-4740-85EC-26002FDF01C9}
	EndGlobalSection
EndGlobal
