
Microsoft Visual Studio Solution File, Format Version 12.00
# Visual Studio Version 16
VisualStudioVersion = 16.0.29123.88
MinimumVisualStudioVersion = 10.0.40219.1
Project("{3DBCA470-93EA-415C-9227-132A51BAFBBB}") = "FileManager", "FileManager\FileManager.csproj", "{4E8F0DC6-9F06-4571-AC79-12C3B74F4A3E}"
EndProject
Global
	GlobalSection(SolutionConfigurationPlatforms) = preSolution
		Debug|Any CPU = Debug|Any CPU
		Release|Any CPU = Release|Any CPU
	EndGlobalSection
	GlobalSection(ProjectConfigurationPlatforms) = postSolution
		{4E8F0DC6-9F06-4571-AC79-12C3B74F4A3E}.Debug|Any CPU.ActiveCfg = Debug|Any CPU
		{4E8F0DC6-9F06-4571-AC79-12C3B74F4A3E}.Debug|Any CPU.Build.0 = Debug|Any CPU
		{4E8F0DC6-9F06-4571-AC79-12C3B74F4A3E}.Release|Any CPU.ActiveCfg = Release|Any CPU
		{4E8F0DC6-9F06-4571-AC79-12C3B74F4A3E}.Release|Any CPU.Build.0 = Release|Any CPU
	EndGlobalSection
	GlobalSection(SolutionProperties) = preSolution
		HideSolutionNode = FALSE
	EndGlobalSection
	GlobalSection(ExtensibilityGlobals) = postSolution
		SolutionGuid = {0F9DC95C-908F-4BA7-AABB-CD85CD2A9846}
	EndGlobalSection
EndGlobal
