
Microsoft Visual Studio Solution File, Format Version 12.00
# Visual Studio Version 16
VisualStudioVersion = 16.0.29123.88
MinimumVisualStudioVersion = 10.0.40219.1
Project("{3DBCA470-93EA-415C-9227-132A51BAFBBB}") = "RemoteDesktop", "RemoteDesktop\RemoteDesktop.csproj", "{7D119A29-4731-453C-B4D5-116107A38E6E}"
EndProject
Global
	GlobalSection(SolutionConfigurationPlatforms) = preSolution
		Debug|Any CPU = Debug|Any CPU
		Release|Any CPU = Release|Any CPU
	EndGlobalSection
	GlobalSection(ProjectConfigurationPlatforms) = postSolution
		{7D119A29-4731-453C-B4D5-116107A38E6E}.Debug|Any CPU.ActiveCfg = Debug|Any CPU
		{7D119A29-4731-453C-B4D5-116107A38E6E}.Debug|Any CPU.Build.0 = Debug|Any CPU
		{7D119A29-4731-453C-B4D5-116107A38E6E}.Release|Any CPU.ActiveCfg = Release|Any CPU
		{7D119A29-4731-453C-B4D5-116107A38E6E}.Release|Any CPU.Build.0 = Release|Any CPU
	EndGlobalSection
	GlobalSection(SolutionProperties) = preSolution
		HideSolutionNode = FALSE
	EndGlobalSection
	GlobalSection(ExtensibilityGlobals) = postSolution
		SolutionGuid = {51DD3C61-F965-4479-A6FD-5EB2A51AB6F6}
	EndGlobalSection
EndGlobal
